// !$*UTF8*$!
{
	archiveVersion = 1;
	classes = {
	};
	objectVersion = 52;
	objects = {

/* Begin PBXBuildFile section */
		04688A9426760DDF00D11B9F /* AppDelegate.swift in Sources */ = {isa = PBXBuildFile; fileRef = 04688A9326760DDF00D11B9F /* AppDelegate.swift */; };
		04688A9626760DDF00D11B9F /* SceneDelegate.swift in Sources */ = {isa = PBXBuildFile; fileRef = 04688A9526760DDF00D11B9F /* SceneDelegate.swift */; };
		04688A9B26760DDF00D11B9F /* Main.storyboard in Resources */ = {isa = PBXBuildFile; fileRef = 04688A9926760DDF00D11B9F /* Main.storyboard */; };
		04688A9D26760DE900D11B9F /* Assets.xcassets in Resources */ = {isa = PBXBuildFile; fileRef = 04688A9C26760DE900D11B9F /* Assets.xcassets */; };
		04688AA026760DE900D11B9F /* LaunchScreen.storyboard in Resources */ = {isa = PBXBuildFile; fileRef = 04688A9E26760DE900D11B9F /* LaunchScreen.storyboard */; };
		04688AAD26761AED00D11B9F /* Film.swift in Sources */ = {isa = PBXBuildFile; fileRef = 04688AAC26761AED00D11B9F /* Film.swift */; };
		04688AB426761C4B00D11B9F /* MainViewController.swift in Sources */ = {isa = PBXBuildFile; fileRef = 04688AB326761C4B00D11B9F /* MainViewController.swift */; };
		04688AB82676222C00D11B9F /* Alamofire in Frameworks */ = {isa = PBXBuildFile; productRef = 04688AB72676222C00D11B9F /* Alamofire */; };
		04688ABB2676588300D11B9F /* DetailViewController.swift in Sources */ = {isa = PBXBuildFile; fileRef = 04688ABA2676588300D11B9F /* DetailViewController.swift */; };
		04688ABE26765EE400D11B9F /* NetworkManager.swift in Sources */ = {isa = PBXBuildFile; fileRef = 04688ABD26765EE400D11B9F /* NetworkManager.swift */; };
/* End PBXBuildFile section */

/* Begin PBXFileReference section */
		04688A9026760DDF00D11B9F /* StarWarsApi.app */ = {isa = PBXFileReference; explicitFileType = wrapper.application; includeInIndex = 0; path = StarWarsApi.app; sourceTree = BUILT_PRODUCTS_DIR; };
		04688A9326760DDF00D11B9F /* AppDelegate.swift */ = {isa = PBXFileReference; lastKnownFileType = sourcecode.swift; path = AppDelegate.swift; sourceTree = "<group>"; };
		04688A9526760DDF00D11B9F /* SceneDelegate.swift */ = {isa = PBXFileReference; lastKnownFileType = sourcecode.swift; path = SceneDelegate.swift; sourceTree = "<group>"; };
		04688A9A26760DDF00D11B9F /* Base */ = {isa = PBXFileReference; lastKnownFileType = file.storyboard; name = Base; path = Base.lproj/Main.storyboard; sourceTree = "<group>"; };
		04688A9C26760DE900D11B9F /* Assets.xcassets */ = {isa = PBXFileReference; lastKnownFileType = folder.assetcatalog; path = Assets.xcassets; sourceTree = "<group>"; };
		04688A9F26760DE900D11B9F /* Base */ = {isa = PBXFileReference; lastKnownFileType = file.storyboard; name = Base; path = Base.lproj/LaunchScreen.storyboard; sourceTree = "<group>"; };
		04688AA126760DE900D11B9F /* Info.plist */ = {isa = PBXFileReference; lastKnownFileType = text.plist.xml; path = Info.plist; sourceTree = "<group>"; };
		04688AAC26761AED00D11B9F /* Film.swift */ = {isa = PBXFileReference; lastKnownFileType = sourcecode.swift; path = Film.swift; sourceTree = "<group>"; };
		04688AB326761C4B00D11B9F /* MainViewController.swift */ = {isa = PBXFileReference; lastKnownFileType = sourcecode.swift; path = MainViewController.swift; sourceTree = "<group>"; };
		04688ABA2676588300D11B9F /* DetailViewController.swift */ = {isa = PBXFileReference; lastKnownFileType = sourcecode.swift; path = DetailViewController.swift; sourceTree = "<group>"; };
		04688ABD26765EE400D11B9F /* NetworkManager.swift */ = {isa = PBXFileReference; lastKnownFileType = sourcecode.swift; path = NetworkManager.swift; sourceTree = "<group>"; };
/* End PBXFileReference section */

/* Begin PBXFrameworksBuildPhase section */
		04688A8D26760DDF00D11B9F /* Frameworks */ = {
			isa = PBXFrameworksBuildPhase;
			buildActionMask = 2147483647;
			files = (
				04688AB82676222C00D11B9F /* Alamofire in Frameworks */,
			);
			runOnlyForDeploymentPostprocessing = 0;
		};
/* End PBXFrameworksBuildPhase section */

/* Begin PBXGroup section */
		04688A8726760DDF00D11B9F = {
			isa = PBXGroup;
			children = (
				04688A9226760DDF00D11B9F /* StarWarsApi */,
				04688A9126760DDF00D11B9F /* Products */,
			);
			sourceTree = "<group>";
		};
		04688A9126760DDF00D11B9F /* Products */ = {
			isa = PBXGroup;
			children = (
				04688A9026760DDF00D11B9F /* StarWarsApi.app */,
			);
			name = Products;
			sourceTree = "<group>";
		};
		04688A9226760DDF00D11B9F /* StarWarsApi */ = {
			isa = PBXGroup;
			children = (
				04688AAF26761AF700D11B9F /* Models */,
				04688AA826760E6800D11B9F /* Supporting */,
				04688AAA26760E8300D11B9F /* ViewControllers */,
				04688AA926760E7A00D11B9F /* Storyboards */,
				04688AC02676625700D11B9F /* Network */,
				04688A9C26760DE900D11B9F /* Assets.xcassets */,
			);
			path = StarWarsApi;
			sourceTree = "<group>";
		};
		04688AA826760E6800D11B9F /* Supporting */ = {
			isa = PBXGroup;
			children = (
				04688A9326760DDF00D11B9F /* AppDelegate.swift */,
				04688A9526760DDF00D11B9F /* SceneDelegate.swift */,
				04688AA126760DE900D11B9F /* Info.plist */,
			);
			path = Supporting;
			sourceTree = "<group>";
		};
		04688AA926760E7A00D11B9F /* Storyboards */ = {
			isa = PBXGroup;
			children = (
				04688A9926760DDF00D11B9F /* Main.storyboard */,
				04688A9E26760DE900D11B9F /* LaunchScreen.storyboard */,
			);
			path = Storyboards;
			sourceTree = "<group>";
		};
		04688AAA26760E8300D11B9F /* ViewControllers */ = {
			isa = PBXGroup;
			children = (
				04688AB326761C4B00D11B9F /* MainViewController.swift */,
				04688ABA2676588300D11B9F /* DetailViewController.swift */,
			);
			path = ViewControllers;
			sourceTree = "<group>";
		};
		04688AAF26761AF700D11B9F /* Models */ = {
			isa = PBXGroup;
			children = (
				04688AAC26761AED00D11B9F /* Film.swift */,
			);
			path = Models;
			sourceTree = "<group>";
		};
		04688AC02676625700D11B9F /* Network */ = {
			isa = PBXGroup;
			children = (
				04688ABD26765EE400D11B9F /* NetworkManager.swift */,
			);
			path = Network;
			sourceTree = "<group>";
		};
/* End PBXGroup section */

/* Begin PBXNativeTarget section */
		04688A8F26760DDF00D11B9F /* StarWarsApi */ = {
			isa = PBXNativeTarget;
			buildConfigurationList = 04688AA426760DE900D11B9F /* Build configuration list for PBXNativeTarget "StarWarsApi" */;
			buildPhases = (
				04688A8C26760DDF00D11B9F /* Sources */,
				04688A8D26760DDF00D11B9F /* Frameworks */,
				04688A8E26760DDF00D11B9F /* Resources */,
			);
			buildRules = (
			);
			dependencies = (
			);
			name = StarWarsApi;
			packageProductDependencies = (
				04688AB72676222C00D11B9F /* Alamofire */,
			);
			productName = StarWarsApi;
			productReference = 04688A9026760DDF00D11B9F /* StarWarsApi.app */;
			productType = "com.apple.product-type.application";
		};
/* End PBXNativeTarget section */

/* Begin PBXProject section */
		04688A8826760DDF00D11B9F /* Project object */ = {
			isa = PBXProject;
			attributes = {
				LastSwiftUpdateCheck = 1230;
				LastUpgradeCheck = 1230;
				TargetAttributes = {
					04688A8F26760DDF00D11B9F = {
						CreatedOnToolsVersion = 12.3;
					};
				};
			};
			buildConfigurationList = 04688A8B26760DDF00D11B9F /* Build configuration list for PBXProject "StarWarsApi" */;
			compatibilityVersion = "Xcode 9.3";
			developmentRegion = en;
			hasScannedForEncodings = 0;
			knownRegions = (
				en,
				Base,
			);
			mainGroup = 04688A8726760DDF00D11B9F;
			packageReferences = (
				04688AB62676222C00D11B9F /* XCRemoteSwiftPackageReference "Alamofire" */,
			);
			productRefGroup = 04688A9126760DDF00D11B9F /* Products */;
			projectDirPath = "";
			projectRoot = "";
			targets = (
				04688A8F26760DDF00D11B9F /* StarWarsApi */,
			);
		};
/* End PBXProject section */

/* Begin PBXResourcesBuildPhase section */
		04688A8E26760DDF00D11B9F /* Resources */ = {
			isa = PBXResourcesBuildPhase;
			buildActionMask = 2147483647;
			files = (
				04688AA026760DE900D11B9F /* LaunchScreen.storyboard in Resources */,
				04688A9D26760DE900D11B9F /* Assets.xcassets in Resources */,
				04688A9B26760DDF00D11B9F /* Main.storyboard in Resources */,
			);
			runOnlyForDeploymentPostprocessing = 0;
		};
/* End PBXResourcesBuildPhase section */

/* Begin PBXSourcesBuildPhase section */
		04688A8C26760DDF00D11B9F /* Sources */ = {
			isa = PBXSourcesBuildPhase;
			buildActionMask = 2147483647;
			files = (
				04688ABE26765EE400D11B9F /* NetworkManager.swift in Sources */,
				04688AAD26761AED00D11B9F /* Film.swift in Sources */,
				04688A9426760DDF00D11B9F /* AppDelegate.swift in Sources */,
				04688ABB2676588300D11B9F /* DetailViewController.swift in Sources */,
				04688A9626760DDF00D11B9F /* SceneDelegate.swift in Sources */,
				04688AB426761C4B00D11B9F /* MainViewController.swift in Sources */,
			);
			runOnlyForDeploymentPostprocessing = 0;
		};
/* End PBXSourcesBuildPhase section */

/* Begin PBXVariantGroup section */
		04688A9926760DDF00D11B9F /* Main.storyboard */ = {
			isa = PBXVariantGroup;
			children = (
				04688A9A26760DDF00D11B9F /* Base */,
			);
			name = Main.storyboard;
			sourceTree = "<group>";
		};
		04688A9E26760DE900D11B9F /* LaunchScreen.storyboard */ = {
			isa = PBXVariantGroup;
			children = (
				04688A9F26760DE900D11B9F /* Base */,
			);
			name = LaunchScreen.storyboard;
			sourceTree = "<group>";
		};
/* End PBXVariantGroup section */

/* Begin XCBuildConfiguration section */
		04688AA226760DE900D11B9F /* Debug */ = {
			isa = XCBuildConfiguration;
			buildSettings = {
				ALWAYS_SEARCH_USER_PATHS = NO;
				CLANG_ANALYZER_NONNULL = YES;
				CLANG_ANALYZER_NUMBER_OBJECT_CONVERSION = YES_AGGRESSIVE;
				CLANG_CXX_LANGUAGE_STANDARD = "gnu++14";
				CLANG_CXX_LIBRARY = "libc++";
				CLANG_ENABLE_MODULES = YES;
				CLANG_ENABLE_OBJC_ARC = YES;
				CLANG_ENABLE_OBJC_WEAK = YES;
				CLANG_WARN_BLOCK_CAPTURE_AUTORELEASING = YES;
				CLANG_WARN_BOOL_CONVERSION = YES;
				CLANG_WARN_COMMA = YES;
				CLANG_WARN_CONSTANT_CONVERSION = YES;
				CLANG_WARN_DEPRECATED_OBJC_IMPLEMENTATIONS = YES;
				CLANG_WARN_DIRECT_OBJC_ISA_USAGE = YES_ERROR;
				CLANG_WARN_DOCUMENTATION_COMMENTS = YES;
				CLANG_WARN_EMPTY_BODY = YES;
				CLANG_WARN_ENUM_CONVERSION = YES;
				CLANG_WARN_INFINITE_RECURSION = YES;
				CLANG_WARN_INT_CONVERSION = YES;
				CLANG_WARN_NON_LITERAL_NULL_CONVERSION = YES;
				CLANG_WARN_OBJC_IMPLICIT_RETAIN_SELF = YES;
				CLANG_WARN_OBJC_LITERAL_CONVERSION = YES;
				CLANG_WARN_OBJC_ROOT_CLASS = YES_ERROR;
				CLANG_WARN_QUOTED_INCLUDE_IN_FRAMEWORK_HEADER = YES;
				CLANG_WARN_RANGE_LOOP_ANALYSIS = YES;
				CLANG_WARN_STRICT_PROTOTYPES = YES;
				CLANG_WARN_SUSPICIOUS_MOVE = YES;
				CLANG_WARN_UNGUARDED_AVAILABILITY = YES_AGGRESSIVE;
				CLANG_WARN_UNREACHABLE_CODE = YES;
				CLANG_WARN__DUPLICATE_METHOD_MATCH = YES;
				COPY_PHASE_STRIP = NO;
				DEBUG_INFORMATION_FORMAT = dwarf;
				ENABLE_STRICT_OBJC_MSGSEND = YES;
				ENABLE_TESTABILITY = YES;
				GCC_C_LANGUAGE_STANDARD = gnu11;
				GCC_DYNAMIC_NO_PIC = NO;
				GCC_NO_COMMON_BLOCKS = YES;
				GCC_OPTIMIZATION_LEVEL = 0;
				GCC_PREPROCESSOR_DEFINITIONS = (
					"DEBUG=1",
					"$(inherited)",
				);
				GCC_WARN_64_TO_32_BIT_CONVERSION = YES;
				GCC_WARN_ABOUT_RETURN_TYPE = YES_ERROR;
				GCC_WARN_UNDECLARED_SELECTOR = YES;
				GCC_WARN_UNINITIALIZED_AUTOS = YES_AGGRESSIVE;
				GCC_WARN_UNUSED_FUNCTION = YES;
				GCC_WARN_UNUSED_VARIABLE = YES;
				IPHONEOS_DEPLOYMENT_TARGET = 14.3;
				MTL_ENABLE_DEBUG_INFO = INCLUDE_SOURCE;
				MTL_FAST_MATH = YES;
				ONLY_ACTIVE_ARCH = YES;
				SDKROOT = iphoneos;
				SWIFT_ACTIVE_COMPILATION_CONDITIONS = DEBUG;
				SWIFT_OPTIMIZATION_LEVEL = "-Onone";
			};
			name = Debug;
		};
		04688AA326760DE900D11B9F /* Release */ = {
			isa = XCBuildConfiguration;
			buildSettings = {
				ALWAYS_SEARCH_USER_PATHS = NO;
				CLANG_ANALYZER_NONNULL = YES;
				CLANG_ANALYZER_NUMBER_OBJECT_CONVERSION = YES_AGGRESSIVE;
				CLANG_CXX_LANGUAGE_STANDARD = "gnu++14";
				CLANG_CXX_LIBRARY = "libc++";
				CLANG_ENABLE_MODULES = YES;
				CLANG_ENABLE_OBJC_ARC = YES;
				CLANG_ENABLE_OBJC_WEAK = YES;
				CLANG_WARN_BLOCK_CAPTURE_AUTORELEASING = YES;
				CLANG_WARN_BOOL_CONVERSION = YES;
				CLANG_WARN_COMMA = YES;
				CLANG_WARN_CONSTANT_CONVERSION = YES;
				CLANG_WARN_DEPRECATED_OBJC_IMPLEMENTATIONS = YES;
				CLANG_WARN_DIRECT_OBJC_ISA_USAGE = YES_ERROR;
				CLANG_WARN_DOCUMENTATION_COMMENTS = YES;
				CLANG_WARN_EMPTY_BODY = YES;
				CLANG_WARN_ENUM_CONVERSION = YES;
				CLANG_WARN_INFINITE_RECURSION = YES;
				CLANG_WARN_INT_CONVERSION = YES;
				CLANG_WARN_NON_LITERAL_NULL_CONVERSION = YES;
				CLANG_WARN_OBJC_IMPLICIT_RETAIN_SELF = YES;
				CLANG_WARN_OBJC_LITERAL_CONVERSION = YES;
				CLANG_WARN_OBJC_ROOT_CLASS = YES_ERROR;
				CLANG_WARN_QUOTED_INCLUDE_IN_FRAMEWORK_HEADER = YES;
				CLANG_WARN_RANGE_LOOP_ANALYSIS = YES;
				CLANG_WARN_STRICT_PROTOTYPES = YES;
				CLANG_WARN_SUSPICIOUS_MOVE = YES;
				CLANG_WARN_UNGUARDED_AVAILABILITY = YES_AGGRESSIVE;
				CLANG_WARN_UNREACHABLE_CODE = YES;
				CLANG_WARN__DUPLICATE_METHOD_MATCH = YES;
				COPY_PHASE_STRIP = NO;
				DEBUG_INFORMATION_FORMAT = "dwarf-with-dsym";
				ENABLE_NS_ASSERTIONS = NO;
				ENABLE_STRICT_OBJC_MSGSEND = YES;
				GCC_C_LANGUAGE_STANDARD = gnu11;
				GCC_NO_COMMON_BLOCKS = YES;
				GCC_WARN_64_TO_32_BIT_CONVERSION = YES;
				GCC_WARN_ABOUT_RETURN_TYPE = YES_ERROR;
				GCC_WARN_UNDECLARED_SELECTOR = YES;
				GCC_WARN_UNINITIALIZED_AUTOS = YES_AGGRESSIVE;
				GCC_WARN_UNUSED_FUNCTION = YES;
				GCC_WARN_UNUSED_VARIABLE = YES;
				IPHONEOS_DEPLOYMENT_TARGET = 14.3;
				MTL_ENABLE_DEBUG_INFO = NO;
				MTL_FAST_MATH = YES;
				SDKROOT = iphoneos;
				SWIFT_COMPILATION_MODE = wholemodule;
				SWIFT_OPTIMIZATION_LEVEL = "-O";
				VALIDATE_PRODUCT = YES;
			};
			name = Release;
		};
		04688AA526760DE900D11B9F /* Debug */ = {
			isa = XCBuildConfiguration;
			buildSettings = {
				ASSETCATALOG_COMPILER_APPICON_NAME = AppIcon;
				ASSETCATALOG_COMPILER_GLOBAL_ACCENT_COLOR_NAME = AccentColor;
				CODE_SIGN_STYLE = Automatic;
				DEVELOPMENT_TEAM = JCX8Z993GT;
				INFOPLIST_FILE = StarWarsApi/Supporting/Info.plist;
				LD_RUNPATH_SEARCH_PATHS = (
					"$(inherited)",
					"@executable_path/Frameworks",
				);
				PRODUCT_BUNDLE_IDENTIFIER = AB.bavcom.StarWarsApi;
				PRODUCT_NAME = "$(TARGET_NAME)";
				SWIFT_VERSION = 5.0;
				TARGETED_DEVICE_FAMILY = "1,2";
			};
			name = Debug;
		};
		04688AA626760DE900D11B9F /* Release */ = {
			isa = XCBuildConfiguration;
			buildSettings = {
				ASSETCATALOG_COMPILER_APPICON_NAME = AppIcon;
				ASSETCATALOG_COMPILER_GLOBAL_ACCENT_COLOR_NAME = AccentColor;
				CODE_SIGN_STYLE = Automatic;
				DEVELOPMENT_TEAM = JCX8Z993GT;
				INFOPLIST_FILE = StarWarsApi/Supporting/Info.plist;
				LD_RUNPATH_SEARCH_PATHS = (
					"$(inherited)",
					"@executable_path/Frameworks",
				);
				PRODUCT_BUNDLE_IDENTIFIER = AB.bavcom.StarWarsApi;
				PRODUCT_NAME = "$(TARGET_NAME)";
				SWIFT_VERSION = 5.0;
				TARGETED_DEVICE_FAMILY = "1,2";
			};
			name = Release;
		};
/* End XCBuildConfiguration section */

/* Begin XCConfigurationList section */
		04688A8B26760DDF00D11B9F /* Build configuration list for PBXProject "StarWarsApi" */ = {
			isa = XCConfigurationList;
			buildConfigurations = (
				04688AA226760DE900D11B9F /* Debug */,
				04688AA326760DE900D11B9F /* Release */,
			);
			defaultConfigurationIsVisible = 0;
			defaultConfigurationName = Release;
		};
		04688AA426760DE900D11B9F /* Build configuration list for PBXNativeTarget "StarWarsApi" */ = {
			isa = XCConfigurationList;
			buildConfigurations = (
				04688AA526760DE900D11B9F /* Debug */,
				04688AA626760DE900D11B9F /* Release */,
			);
			defaultConfigurationIsVisible = 0;
			defaultConfigurationName = Release;
		};
/* End XCConfigurationList section */

/* Begin XCRemoteSwiftPackageReference section */
		04688AB62676222C00D11B9F /* XCRemoteSwiftPackageReference "Alamofire" */ = {
			isa = XCRemoteSwiftPackageReference;
			repositoryURL = "https://github.com/Alamofire/Alamofire.git";
			requirement = {
				kind = upToNextMajorVersion;
				minimumVersion = 5.4.3;
			};
		};
/* End XCRemoteSwiftPackageReference section */

/* Begin XCSwiftPackageProductDependency section */
		04688AB72676222C00D11B9F /* Alamofire */ = {
			isa = XCSwiftPackageProductDependency;
			package = 04688AB62676222C00D11B9F /* XCRemoteSwiftPackageReference "Alamofire" */;
			productName = Alamofire;
		};
/* End XCSwiftPackageProductDependency section */
	};
	rootObject = 04688A8826760DDF00D11B9F /* Project object */;
}
